
Microsoft Visual Studio Solution File, Format Version 12.00
Project("{FAE04EC0-301F-11D3-BF4B-00C04F79EFBC}") = "TelegramBotTestProject", "TelegramBotTestProject.csproj", "{FF5C1670-2E16-42BA-A8FB-CB8F814515D6}"
EndProject
Global
	GlobalSection(SolutionConfigurationPlatforms) = preSolution
		Debug|Any CPU = Debug|Any CPU
		Release|Any CPU = Release|Any CPU
	EndGlobalSection
	GlobalSection(ProjectConfigurationPlatforms) = postSolution
		{FF5C1670-2E16-42BA-A8FB-CB8F814515D6}.Debug|Any CPU.ActiveCfg = Debug|Any CPU
		{FF5C1670-2E16-42BA-A8FB-CB8F814515D6}.Debug|Any CPU.Build.0 = Debug|Any CPU
		{FF5C1670-2E16-42BA-A8FB-CB8F814515D6}.Release|Any CPU.ActiveCfg = Release|Any CPU
		{FF5C1670-2E16-42BA-A8FB-CB8F814515D6}.Release|Any CPU.Build.0 = Release|Any CPU
	EndGlobalSection
EndGlobal
